// !$*UTF8*$!
{
	archiveVersion = 1;
	classes = {
	};
	objectVersion = 50;
	objects = {

/* Begin PBXBuildFile section */
		C91CE086267EF976008A272D /* GoalStats.swift in Sources */ = {isa = PBXBuildFile; fileRef = C91CE085267EF976008A272D /* GoalStats.swift */; };
		C91EC1F127D2933B00825AA7 /* DriveScheduleWelcomeView.swift in Sources */ = {isa = PBXBuildFile; fileRef = C91EC1F027D2933B00825AA7 /* DriveScheduleWelcomeView.swift */; };
		C93B393227CE9B5A00555BE7 /* DriveSchedule.swift in Sources */ = {isa = PBXBuildFile; fileRef = C93B393127CE9B5A00555BE7 /* DriveSchedule.swift */; };
		C93B393427CE9E5A00555BE7 /* Events.swift in Sources */ = {isa = PBXBuildFile; fileRef = C93B393327CE9E5A00555BE7 /* Events.swift */; };
		C93B393627CE9EF200555BE7 /* EventViewer.swift in Sources */ = {isa = PBXBuildFile; fileRef = C93B393527CE9EF200555BE7 /* EventViewer.swift */; };
		C93B393827CE9FA400555BE7 /* EventEditor.swift in Sources */ = {isa = PBXBuildFile; fileRef = C93B393727CE9FA400555BE7 /* EventEditor.swift */; };
		C94A60D326DC7F5F005E2812 /* GoalWelcomeView.swift in Sources */ = {isa = PBXBuildFile; fileRef = C94A60D226DC7F5F005E2812 /* GoalWelcomeView.swift */; };
		C94A60D526DC7FC0005E2812 /* StatsWelcomeView.swift in Sources */ = {isa = PBXBuildFile; fileRef = C94A60D426DC7FC0005E2812 /* StatsWelcomeView.swift */; };
		C94AF86F2619620A00642C6D /* DriveEditor.swift in Sources */ = {isa = PBXBuildFile; fileRef = C94AF86E2619620A00642C6D /* DriveEditor.swift */; };
		C94AF872261962DC00642C6D /* DriveForm.swift in Sources */ = {isa = PBXBuildFile; fileRef = C94AF871261962DC00642C6D /* DriveForm.swift */; };
		C94AF875261963B100642C6D /* DriveCreationSheet.swift in Sources */ = {isa = PBXBuildFile; fileRef = C94AF874261963B100642C6D /* DriveCreationSheet.swift */; };
		C94AF8782619649200642C6D /* Drive+Helper.swift in Sources */ = {isa = PBXBuildFile; fileRef = C94AF8772619649200642C6D /* Drive+Helper.swift */; };
		C94F21ED263E55D700D06B83 /* LiveDrive.swift in Sources */ = {isa = PBXBuildFile; fileRef = C94F21EC263E55D700D06B83 /* LiveDrive.swift */; };
		C94F21F1263E5EC500D06B83 /* GoalPicker.swift in Sources */ = {isa = PBXBuildFile; fileRef = C94F21F0263E5EC500D06B83 /* GoalPicker.swift */; };
		C95AD08C2663532D000ACEB9 /* Map+Extension.swift in Sources */ = {isa = PBXBuildFile; fileRef = C95AD08B2663532D000ACEB9 /* Map+Extension.swift */; };
		C95AD08E2663572C000ACEB9 /* MapView.swift in Sources */ = {isa = PBXBuildFile; fileRef = C95AD08D2663572C000ACEB9 /* MapView.swift */; };
		C960A86B2606E28500C91859 /* GoalForm.swift in Sources */ = {isa = PBXBuildFile; fileRef = C960A86A2606E28500C91859 /* GoalForm.swift */; };
		C9735EAB2647962E006B5ACC /* LocationManager.swift in Sources */ = {isa = PBXBuildFile; fileRef = C9735EAA2647962E006B5ACC /* LocationManager.swift */; };
		C9929C2225F7F79A0078E91A /* DriveBuddyApp.swift in Sources */ = {isa = PBXBuildFile; fileRef = C9929C2125F7F79A0078E91A /* DriveBuddyApp.swift */; };
		C9929C2425F7F79A0078E91A /* ContentView.swift in Sources */ = {isa = PBXBuildFile; fileRef = C9929C2325F7F79A0078E91A /* ContentView.swift */; };
		C9929C2625F7F79B0078E91A /* Assets.xcassets in Resources */ = {isa = PBXBuildFile; fileRef = C9929C2525F7F79B0078E91A /* Assets.xcassets */; };
		C9929C2925F7F79B0078E91A /* Preview Assets.xcassets in Resources */ = {isa = PBXBuildFile; fileRef = C9929C2825F7F79B0078E91A /* Preview Assets.xcassets */; };
		C9929C2B25F7F79B0078E91A /* Persistence.swift in Sources */ = {isa = PBXBuildFile; fileRef = C9929C2A25F7F79B0078E91A /* Persistence.swift */; };
		C9929C2E25F7F79B0078E91A /* DriveBuddy.xcdatamodeld in Sources */ = {isa = PBXBuildFile; fileRef = C9929C2C25F7F79B0078E91A /* DriveBuddy.xcdatamodeld */; };
		C9929C3825F7F8C50078E91A /* Goals.swift in Sources */ = {isa = PBXBuildFile; fileRef = C9929C3725F7F8C50078E91A /* Goals.swift */; };
		C9929C3E25F7FA6D0078E91A /* OverallStats.swift in Sources */ = {isa = PBXBuildFile; fileRef = C9929C3D25F7FA6D0078E91A /* OverallStats.swift */; };
		C9929C4125F7FAEA0078E91A /* WelcomeView.swift in Sources */ = {isa = PBXBuildFile; fileRef = C9929C4025F7FAEA0078E91A /* WelcomeView.swift */; };
		C9929C4425FDC24F0078E91A /* Routes.swift in Sources */ = {isa = PBXBuildFile; fileRef = C9929C4325FDC24F0078E91A /* Routes.swift */; };
		C9929C4825FDCC860078E91A /* Goal+Helper.swift in Sources */ = {isa = PBXBuildFile; fileRef = C9929C4725FDCC860078E91A /* Goal+Helper.swift */; };
		C9929C4C25FDCE5B0078E91A /* GoalEditor.swift in Sources */ = {isa = PBXBuildFile; fileRef = C9929C4B25FDCE5B0078E91A /* GoalEditor.swift */; };
		C9929C4F25FDCEA90078E91A /* GoalCreationSheet.swift in Sources */ = {isa = PBXBuildFile; fileRef = C9929C4E25FDCEA90078E91A /* GoalCreationSheet.swift */; };
		C9C4834F265A311300E57AEE /* DrivingRoute.swift in Sources */ = {isa = PBXBuildFile; fileRef = C9C4834E265A311300E57AEE /* DrivingRoute.swift */; };
		C9D9C52C27BEC9A200AA105C /* TestView.swift in Sources */ = {isa = PBXBuildFile; fileRef = C9D9C52B27BEC9A200AA105C /* TestView.swift */; };
		C9F8878B27D13DF100EF1280 /* EKCalendarItem+Identifiable.swift in Sources */ = {isa = PBXBuildFile; fileRef = C9F8878A27D13DF100EF1280 /* EKCalendarItem+Identifiable.swift */; };
/* End PBXBuildFile section */

/* Begin PBXFileReference section */
		C91CE085267EF976008A272D /* GoalStats.swift */ = {isa = PBXFileReference; lastKnownFileType = sourcecode.swift; path = GoalStats.swift; sourceTree = "<group>"; };
		C91EC1F027D2933B00825AA7 /* DriveScheduleWelcomeView.swift */ = {isa = PBXFileReference; lastKnownFileType = sourcecode.swift; path = DriveScheduleWelcomeView.swift; sourceTree = "<group>"; };
		C93B393127CE9B5A00555BE7 /* DriveSchedule.swift */ = {isa = PBXFileReference; lastKnownFileType = sourcecode.swift; path = DriveSchedule.swift; sourceTree = "<group>"; };
		C93B393327CE9E5A00555BE7 /* Events.swift */ = {isa = PBXFileReference; lastKnownFileType = sourcecode.swift; path = Events.swift; sourceTree = "<group>"; };
		C93B393527CE9EF200555BE7 /* EventViewer.swift */ = {isa = PBXFileReference; lastKnownFileType = sourcecode.swift; path = EventViewer.swift; sourceTree = "<group>"; };
		C93B393727CE9FA400555BE7 /* EventEditor.swift */ = {isa = PBXFileReference; lastKnownFileType = sourcecode.swift; path = EventEditor.swift; sourceTree = "<group>"; };
		C94A60D226DC7F5F005E2812 /* GoalWelcomeView.swift */ = {isa = PBXFileReference; lastKnownFileType = sourcecode.swift; path = GoalWelcomeView.swift; sourceTree = "<group>"; };
		C94A60D426DC7FC0005E2812 /* StatsWelcomeView.swift */ = {isa = PBXFileReference; lastKnownFileType = sourcecode.swift; path = StatsWelcomeView.swift; sourceTree = "<group>"; };
		C94AF86E2619620A00642C6D /* DriveEditor.swift */ = {isa = PBXFileReference; lastKnownFileType = sourcecode.swift; path = DriveEditor.swift; sourceTree = "<group>"; };
		C94AF871261962DC00642C6D /* DriveForm.swift */ = {isa = PBXFileReference; lastKnownFileType = sourcecode.swift; path = DriveForm.swift; sourceTree = "<group>"; };
		C94AF874261963B100642C6D /* DriveCreationSheet.swift */ = {isa = PBXFileReference; lastKnownFileType = sourcecode.swift; path = DriveCreationSheet.swift; sourceTree = "<group>"; };
		C94AF8772619649200642C6D /* Drive+Helper.swift */ = {isa = PBXFileReference; lastKnownFileType = sourcecode.swift; path = "Drive+Helper.swift"; sourceTree = "<group>"; };
		C94F21EC263E55D700D06B83 /* LiveDrive.swift */ = {isa = PBXFileReference; lastKnownFileType = sourcecode.swift; path = LiveDrive.swift; sourceTree = "<group>"; };
		C94F21F0263E5EC500D06B83 /* GoalPicker.swift */ = {isa = PBXFileReference; lastKnownFileType = sourcecode.swift; path = GoalPicker.swift; sourceTree = "<group>"; };
		C95AD08B2663532D000ACEB9 /* Map+Extension.swift */ = {isa = PBXFileReference; lastKnownFileType = sourcecode.swift; path = "Map+Extension.swift"; sourceTree = "<group>"; };
		C95AD08D2663572C000ACEB9 /* MapView.swift */ = {isa = PBXFileReference; lastKnownFileType = sourcecode.swift; path = MapView.swift; sourceTree = "<group>"; };
		C960A86A2606E28500C91859 /* GoalForm.swift */ = {isa = PBXFileReference; lastKnownFileType = sourcecode.swift; path = GoalForm.swift; sourceTree = "<group>"; };
		C9735EAA2647962E006B5ACC /* LocationManager.swift */ = {isa = PBXFileReference; lastKnownFileType = sourcecode.swift; path = LocationManager.swift; sourceTree = "<group>"; };
		C9929C1E25F7F79A0078E91A /* DriveBuddy.app */ = {isa = PBXFileReference; explicitFileType = wrapper.application; includeInIndex = 0; path = DriveBuddy.app; sourceTree = BUILT_PRODUCTS_DIR; };
		C9929C2125F7F79A0078E91A /* DriveBuddyApp.swift */ = {isa = PBXFileReference; lastKnownFileType = sourcecode.swift; path = DriveBuddyApp.swift; sourceTree = "<group>"; };
		C9929C2325F7F79A0078E91A /* ContentView.swift */ = {isa = PBXFileReference; lastKnownFileType = sourcecode.swift; path = ContentView.swift; sourceTree = "<group>"; };
		C9929C2525F7F79B0078E91A /* Assets.xcassets */ = {isa = PBXFileReference; lastKnownFileType = folder.assetcatalog; path = Assets.xcassets; sourceTree = "<group>"; };
		C9929C2825F7F79B0078E91A /* Preview Assets.xcassets */ = {isa = PBXFileReference; lastKnownFileType = folder.assetcatalog; path = "Preview Assets.xcassets"; sourceTree = "<group>"; };
		C9929C2A25F7F79B0078E91A /* Persistence.swift */ = {isa = PBXFileReference; lastKnownFileType = sourcecode.swift; path = Persistence.swift; sourceTree = "<group>"; };
		C9929C2D25F7F79B0078E91A /* DriveBuddy.xcdatamodel */ = {isa = PBXFileReference; lastKnownFileType = wrapper.xcdatamodel; path = DriveBuddy.xcdatamodel; sourceTree = "<group>"; };
		C9929C2F25F7F79B0078E91A /* Info.plist */ = {isa = PBXFileReference; lastKnownFileType = text.plist.xml; path = Info.plist; sourceTree = "<group>"; };
		C9929C3725F7F8C50078E91A /* Goals.swift */ = {isa = PBXFileReference; lastKnownFileType = sourcecode.swift; path = Goals.swift; sourceTree = "<group>"; };
		C9929C3D25F7FA6D0078E91A /* OverallStats.swift */ = {isa = PBXFileReference; lastKnownFileType = sourcecode.swift; path = OverallStats.swift; sourceTree = "<group>"; };
		C9929C4025F7FAEA0078E91A /* WelcomeView.swift */ = {isa = PBXFileReference; lastKnownFileType = sourcecode.swift; path = WelcomeView.swift; sourceTree = "<group>"; };
		C9929C4325FDC24F0078E91A /* Routes.swift */ = {isa = PBXFileReference; lastKnownFileType = sourcecode.swift; path = Routes.swift; sourceTree = "<group>"; };
		C9929C4725FDCC860078E91A /* Goal+Helper.swift */ = {isa = PBXFileReference; lastKnownFileType = sourcecode.swift; path = "Goal+Helper.swift"; sourceTree = "<group>"; };
		C9929C4B25FDCE5B0078E91A /* GoalEditor.swift */ = {isa = PBXFileReference; lastKnownFileType = sourcecode.swift; path = GoalEditor.swift; sourceTree = "<group>"; };
		C9929C4E25FDCEA90078E91A /* GoalCreationSheet.swift */ = {isa = PBXFileReference; lastKnownFileType = sourcecode.swift; path = GoalCreationSheet.swift; sourceTree = "<group>"; };
		C9C4834E265A311300E57AEE /* DrivingRoute.swift */ = {isa = PBXFileReference; lastKnownFileType = sourcecode.swift; path = DrivingRoute.swift; sourceTree = "<group>"; };
		C9D9C52B27BEC9A200AA105C /* TestView.swift */ = {isa = PBXFileReference; lastKnownFileType = sourcecode.swift; path = TestView.swift; sourceTree = "<group>"; };
		C9F8878A27D13DF100EF1280 /* EKCalendarItem+Identifiable.swift */ = {isa = PBXFileReference; lastKnownFileType = sourcecode.swift; path = "EKCalendarItem+Identifiable.swift"; sourceTree = "<group>"; };
/* End PBXFileReference section */

/* Begin PBXFrameworksBuildPhase section */
		C9929C1B25F7F79A0078E91A /* Frameworks */ = {
			isa = PBXFrameworksBuildPhase;
			buildActionMask = 2147483647;
			files = (
			);
			runOnlyForDeploymentPostprocessing = 0;
		};
/* End PBXFrameworksBuildPhase section */

/* Begin PBXGroup section */
		C9929C1525F7F79A0078E91A = {
			isa = PBXGroup;
			children = (
				C9929C2025F7F79A0078E91A /* DriveBuddy */,
				C9929C1F25F7F79A0078E91A /* Products */,
			);
			sourceTree = "<group>";
		};
		C9929C1F25F7F79A0078E91A /* Products */ = {
			isa = PBXGroup;
			children = (
				C9929C1E25F7F79A0078E91A /* DriveBuddy.app */,
			);
			name = Products;
			sourceTree = "<group>";
		};
		C9929C2025F7F79A0078E91A /* DriveBuddy */ = {
			isa = PBXGroup;
			children = (
				C9929C4625FDCC760078E91A /* Models */,
				C9929C3625F7F8A70078E91A /* Views */,
				C9929C2125F7F79A0078E91A /* DriveBuddyApp.swift */,
				C9929C2525F7F79B0078E91A /* Assets.xcassets */,
				C9929C2A25F7F79B0078E91A /* Persistence.swift */,
				C9929C2F25F7F79B0078E91A /* Info.plist */,
				C9929C2C25F7F79B0078E91A /* DriveBuddy.xcdatamodeld */,
				C9929C2725F7F79B0078E91A /* Preview Content */,
			);
			path = DriveBuddy;
			sourceTree = "<group>";
		};
		C9929C2725F7F79B0078E91A /* Preview Content */ = {
			isa = PBXGroup;
			children = (
				C9929C2825F7F79B0078E91A /* Preview Assets.xcassets */,
			);
			path = "Preview Content";
			sourceTree = "<group>";
		};
		C9929C3625F7F8A70078E91A /* Views */ = {
			isa = PBXGroup;
			children = (
				C9929C2325F7F79A0078E91A /* ContentView.swift */,
				C9929C3725F7F8C50078E91A /* Goals.swift */,
				C9929C3D25F7FA6D0078E91A /* OverallStats.swift */,
				C91CE085267EF976008A272D /* GoalStats.swift */,
				C9929C4025F7FAEA0078E91A /* WelcomeView.swift */,
				C94A60D226DC7F5F005E2812 /* GoalWelcomeView.swift */,
				C9929C4325FDC24F0078E91A /* Routes.swift */,
				C9929C4B25FDCE5B0078E91A /* GoalEditor.swift */,
				C9929C4E25FDCEA90078E91A /* GoalCreationSheet.swift */,
				C960A86A2606E28500C91859 /* GoalForm.swift */,
				C94AF86E2619620A00642C6D /* DriveEditor.swift */,
				C94AF871261962DC00642C6D /* DriveForm.swift */,
				C94AF874261963B100642C6D /* DriveCreationSheet.swift */,
				C94F21EC263E55D700D06B83 /* LiveDrive.swift */,
				C94F21F0263E5EC500D06B83 /* GoalPicker.swift */,
				C95AD08B2663532D000ACEB9 /* Map+Extension.swift */,
				C95AD08D2663572C000ACEB9 /* MapView.swift */,
				C94A60D426DC7FC0005E2812 /* StatsWelcomeView.swift */,
				C9D9C52B27BEC9A200AA105C /* TestView.swift */,
				C93B393127CE9B5A00555BE7 /* DriveSchedule.swift */,
				C93B393527CE9EF200555BE7 /* EventViewer.swift */,
				C93B393727CE9FA400555BE7 /* EventEditor.swift */,
				C91EC1F027D2933B00825AA7 /* DriveScheduleWelcomeView.swift */,
			);
			path = Views;
			sourceTree = "<group>";
		};
		C9929C4625FDCC760078E91A /* Models */ = {
			isa = PBXGroup;
			children = (
				C9929C4725FDCC860078E91A /* Goal+Helper.swift */,
				C94AF8772619649200642C6D /* Drive+Helper.swift */,
				C9735EAA2647962E006B5ACC /* LocationManager.swift */,
				C9C4834E265A311300E57AEE /* DrivingRoute.swift */,
				C93B393327CE9E5A00555BE7 /* Events.swift */,
				C9F8878A27D13DF100EF1280 /* EKCalendarItem+Identifiable.swift */,
			);
			path = Models;
			sourceTree = "<group>";
		};
/* End PBXGroup section */

/* Begin PBXNativeTarget section */
		C9929C1D25F7F79A0078E91A /* DriveBuddy */ = {
			isa = PBXNativeTarget;
			buildConfigurationList = C9929C3225F7F79B0078E91A /* Build configuration list for PBXNativeTarget "DriveBuddy" */;
			buildPhases = (
				C9929C1A25F7F79A0078E91A /* Sources */,
				C9929C1B25F7F79A0078E91A /* Frameworks */,
				C9929C1C25F7F79A0078E91A /* Resources */,
			);
			buildRules = (
			);
			dependencies = (
			);
			name = DriveBuddy;
			productName = DriveBuddy;
			productReference = C9929C1E25F7F79A0078E91A /* DriveBuddy.app */;
			productType = "com.apple.product-type.application";
		};
/* End PBXNativeTarget section */

/* Begin PBXProject section */
		C9929C1625F7F79A0078E91A /* Project object */ = {
			isa = PBXProject;
			attributes = {
				LastSwiftUpdateCheck = 1240;
				LastUpgradeCheck = 1240;
				TargetAttributes = {
					C9929C1D25F7F79A0078E91A = {
						CreatedOnToolsVersion = 12.4;
					};
				};
			};
			buildConfigurationList = C9929C1925F7F79A0078E91A /* Build configuration list for PBXProject "DriveBuddy" */;
			compatibilityVersion = "Xcode 9.3";
			developmentRegion = en;
			hasScannedForEncodings = 0;
			knownRegions = (
				en,
				Base,
			);
			mainGroup = C9929C1525F7F79A0078E91A;
			productRefGroup = C9929C1F25F7F79A0078E91A /* Products */;
			projectDirPath = "";
			projectRoot = "";
			targets = (
				C9929C1D25F7F79A0078E91A /* DriveBuddy */,
			);
		};
/* End PBXProject section */

/* Begin PBXResourcesBuildPhase section */
		C9929C1C25F7F79A0078E91A /* Resources */ = {
			isa = PBXResourcesBuildPhase;
			buildActionMask = 2147483647;
			files = (
				C9929C2925F7F79B0078E91A /* Preview Assets.xcassets in Resources */,
				C9929C2625F7F79B0078E91A /* Assets.xcassets in Resources */,
			);
			runOnlyForDeploymentPostprocessing = 0;
		};
/* End PBXResourcesBuildPhase section */

/* Begin PBXSourcesBuildPhase section */
		C9929C1A25F7F79A0078E91A /* Sources */ = {
			isa = PBXSourcesBuildPhase;
			buildActionMask = 2147483647;
			files = (
				C9929C4825FDCC860078E91A /* Goal+Helper.swift in Sources */,
				C9929C3E25F7FA6D0078E91A /* OverallStats.swift in Sources */,
				C94A60D326DC7F5F005E2812 /* GoalWelcomeView.swift in Sources */,
				C9929C4C25FDCE5B0078E91A /* GoalEditor.swift in Sources */,
				C93B393427CE9E5A00555BE7 /* Events.swift in Sources */,
				C94F21ED263E55D700D06B83 /* LiveDrive.swift in Sources */,
				C9929C3825F7F8C50078E91A /* Goals.swift in Sources */,
				C91EC1F127D2933B00825AA7 /* DriveScheduleWelcomeView.swift in Sources */,
				C9929C2B25F7F79B0078E91A /* Persistence.swift in Sources */,
				C960A86B2606E28500C91859 /* GoalForm.swift in Sources */,
				C9F8878B27D13DF100EF1280 /* EKCalendarItem+Identifiable.swift in Sources */,
				C94AF872261962DC00642C6D /* DriveForm.swift in Sources */,
				C93B393627CE9EF200555BE7 /* EventViewer.swift in Sources */,
				C9929C4125F7FAEA0078E91A /* WelcomeView.swift in Sources */,
				C95AD08E2663572C000ACEB9 /* MapView.swift in Sources */,
				C94AF8782619649200642C6D /* Drive+Helper.swift in Sources */,
				C94A60D526DC7FC0005E2812 /* StatsWelcomeView.swift in Sources */,
				C91CE086267EF976008A272D /* GoalStats.swift in Sources */,
				C9929C4425FDC24F0078E91A /* Routes.swift in Sources */,
				C9929C4F25FDCEA90078E91A /* GoalCreationSheet.swift in Sources */,
				C9735EAB2647962E006B5ACC /* LocationManager.swift in Sources */,
				C9929C2E25F7F79B0078E91A /* DriveBuddy.xcdatamodeld in Sources */,
				C95AD08C2663532D000ACEB9 /* Map+Extension.swift in Sources */,
				C94AF875261963B100642C6D /* DriveCreationSheet.swift in Sources */,
				C9C4834F265A311300E57AEE /* DrivingRoute.swift in Sources */,
				C93B393827CE9FA400555BE7 /* EventEditor.swift in Sources */,
				C9929C2425F7F79A0078E91A /* ContentView.swift in Sources */,
				C94F21F1263E5EC500D06B83 /* GoalPicker.swift in Sources */,
				C94AF86F2619620A00642C6D /* DriveEditor.swift in Sources */,
				C9D9C52C27BEC9A200AA105C /* TestView.swift in Sources */,
				C9929C2225F7F79A0078E91A /* DriveBuddyApp.swift in Sources */,
				C93B393227CE9B5A00555BE7 /* DriveSchedule.swift in Sources */,
			);
			runOnlyForDeploymentPostprocessing = 0;
		};
/* End PBXSourcesBuildPhase section */

/* Begin XCBuildConfiguration section */
		C9929C3025F7F79B0078E91A /* Debug */ = {
			isa = XCBuildConfiguration;
			buildSettings = {
				ALWAYS_SEARCH_USER_PATHS = NO;
				CLANG_ANALYZER_NONNULL = YES;
				CLANG_ANALYZER_NUMBER_OBJECT_CONVERSION = YES_AGGRESSIVE;
				CLANG_CXX_LANGUAGE_STANDARD = "gnu++14";
				CLANG_CXX_LIBRARY = "libc++";
				CLANG_ENABLE_MODULES = YES;
				CLANG_ENABLE_OBJC_ARC = YES;
				CLANG_ENABLE_OBJC_WEAK = YES;
				CLANG_WARN_BLOCK_CAPTURE_AUTORELEASING = YES;
				CLANG_WARN_BOOL_CONVERSION = YES;
				CLANG_WARN_COMMA = YES;
				CLANG_WARN_CONSTANT_CONVERSION = YES;
				CLANG_WARN_DEPRECATED_OBJC_IMPLEMENTATIONS = YES;
				CLANG_WARN_DIRECT_OBJC_ISA_USAGE = YES_ERROR;
				CLANG_WARN_DOCUMENTATION_COMMENTS = YES;
				CLANG_WARN_EMPTY_BODY = YES;
				CLANG_WARN_ENUM_CONVERSION = YES;
				CLANG_WARN_INFINITE_RECURSION = YES;
				CLANG_WARN_INT_CONVERSION = YES;
				CLANG_WARN_NON_LITERAL_NULL_CONVERSION = YES;
				CLANG_WARN_OBJC_IMPLICIT_RETAIN_SELF = YES;
				CLANG_WARN_OBJC_LITERAL_CONVERSION = YES;
				CLANG_WARN_OBJC_ROOT_CLASS = YES_ERROR;
				CLANG_WARN_QUOTED_INCLUDE_IN_FRAMEWORK_HEADER = YES;
				CLANG_WARN_RANGE_LOOP_ANALYSIS = YES;
				CLANG_WARN_STRICT_PROTOTYPES = YES;
				CLANG_WARN_SUSPICIOUS_MOVE = YES;
				CLANG_WARN_UNGUARDED_AVAILABILITY = YES_AGGRESSIVE;
				CLANG_WARN_UNREACHABLE_CODE = YES;
				CLANG_WARN__DUPLICATE_METHOD_MATCH = YES;
				COPY_PHASE_STRIP = NO;
				DEBUG_INFORMATION_FORMAT = dwarf;
				ENABLE_STRICT_OBJC_MSGSEND = YES;
				ENABLE_TESTABILITY = YES;
				GCC_C_LANGUAGE_STANDARD = gnu11;
				GCC_DYNAMIC_NO_PIC = NO;
				GCC_NO_COMMON_BLOCKS = YES;
				GCC_OPTIMIZATION_LEVEL = 0;
				GCC_PREPROCESSOR_DEFINITIONS = (
					"DEBUG=1",
					"$(inherited)",
				);
				GCC_WARN_64_TO_32_BIT_CONVERSION = YES;
				GCC_WARN_ABOUT_RETURN_TYPE = YES_ERROR;
				GCC_WARN_UNDECLARED_SELECTOR = YES;
				GCC_WARN_UNINITIALIZED_AUTOS = YES_AGGRESSIVE;
				GCC_WARN_UNUSED_FUNCTION = YES;
				GCC_WARN_UNUSED_VARIABLE = YES;
				IPHONEOS_DEPLOYMENT_TARGET = 14.5;
				MTL_ENABLE_DEBUG_INFO = INCLUDE_SOURCE;
				MTL_FAST_MATH = YES;
				ONLY_ACTIVE_ARCH = YES;
				SDKROOT = iphoneos;
				SWIFT_ACTIVE_COMPILATION_CONDITIONS = DEBUG;
				SWIFT_OPTIMIZATION_LEVEL = "-Onone";
			};
			name = Debug;
		};
		C9929C3125F7F79B0078E91A /* Release */ = {
			isa = XCBuildConfiguration;
			buildSettings = {
				ALWAYS_SEARCH_USER_PATHS = NO;
				CLANG_ANALYZER_NONNULL = YES;
				CLANG_ANALYZER_NUMBER_OBJECT_CONVERSION = YES_AGGRESSIVE;
				CLANG_CXX_LANGUAGE_STANDARD = "gnu++14";
				CLANG_CXX_LIBRARY = "libc++";
				CLANG_ENABLE_MODULES = YES;
				CLANG_ENABLE_OBJC_ARC = YES;
				CLANG_ENABLE_OBJC_WEAK = YES;
				CLANG_WARN_BLOCK_CAPTURE_AUTORELEASING = YES;
				CLANG_WARN_BOOL_CONVERSION = YES;
				CLANG_WARN_COMMA = YES;
				CLANG_WARN_CONSTANT_CONVERSION = YES;
				CLANG_WARN_DEPRECATED_OBJC_IMPLEMENTATIONS = YES;
				CLANG_WARN_DIRECT_OBJC_ISA_USAGE = YES_ERROR;
				CLANG_WARN_DOCUMENTATION_COMMENTS = YES;
				CLANG_WARN_EMPTY_BODY = YES;
				CLANG_WARN_ENUM_CONVERSION = YES;
				CLANG_WARN_INFINITE_RECURSION = YES;
				CLANG_WARN_INT_CONVERSION = YES;
				CLANG_WARN_NON_LITERAL_NULL_CONVERSION = YES;
				CLANG_WARN_OBJC_IMPLICIT_RETAIN_SELF = YES;
				CLANG_WARN_OBJC_LITERAL_CONVERSION = YES;
				CLANG_WARN_OBJC_ROOT_CLASS = YES_ERROR;
				CLANG_WARN_QUOTED_INCLUDE_IN_FRAMEWORK_HEADER = YES;
				CLANG_WARN_RANGE_LOOP_ANALYSIS = YES;
				CLANG_WARN_STRICT_PROTOTYPES = YES;
				CLANG_WARN_SUSPICIOUS_MOVE = YES;
				CLANG_WARN_UNGUARDED_AVAILABILITY = YES_AGGRESSIVE;
				CLANG_WARN_UNREACHABLE_CODE = YES;
				CLANG_WARN__DUPLICATE_METHOD_MATCH = YES;
				COPY_PHASE_STRIP = NO;
				DEBUG_INFORMATION_FORMAT = "dwarf-with-dsym";
				ENABLE_NS_ASSERTIONS = NO;
				ENABLE_STRICT_OBJC_MSGSEND = YES;
				GCC_C_LANGUAGE_STANDARD = gnu11;
				GCC_NO_COMMON_BLOCKS = YES;
				GCC_WARN_64_TO_32_BIT_CONVERSION = YES;
				GCC_WARN_ABOUT_RETURN_TYPE = YES_ERROR;
				GCC_WARN_UNDECLARED_SELECTOR = YES;
				GCC_WARN_UNINITIALIZED_AUTOS = YES_AGGRESSIVE;
				GCC_WARN_UNUSED_FUNCTION = YES;
				GCC_WARN_UNUSED_VARIABLE = YES;
				IPHONEOS_DEPLOYMENT_TARGET = 14.5;
				MTL_ENABLE_DEBUG_INFO = NO;
				MTL_FAST_MATH = YES;
				SDKROOT = iphoneos;
				SWIFT_COMPILATION_MODE = wholemodule;
				SWIFT_OPTIMIZATION_LEVEL = "-O";
				VALIDATE_PRODUCT = YES;
			};
			name = Release;
		};
		C9929C3325F7F79B0078E91A /* Debug */ = {
			isa = XCBuildConfiguration;
			buildSettings = {
				ASSETCATALOG_COMPILER_APPICON_NAME = AppIcon;
				ASSETCATALOG_COMPILER_GLOBAL_ACCENT_COLOR_NAME = AccentColor;
				CODE_SIGN_STYLE = Automatic;
				DEVELOPMENT_ASSET_PATHS = "\"DriveBuddy/Preview Content\"";
				DEVELOPMENT_TEAM = 9485HHLYPW;
				ENABLE_PREVIEWS = YES;
				INFOPLIST_FILE = DriveBuddy/Info.plist;
				IPHONEOS_DEPLOYMENT_TARGET = 15.0;
				LD_RUNPATH_SEARCH_PATHS = (
					"$(inherited)",
					"@executable_path/Frameworks",
				);
				PRODUCT_BUNDLE_IDENTIFIER = com.palevichchenindustries.DriveBuddy;
				PRODUCT_NAME = "$(TARGET_NAME)";
				SWIFT_VERSION = 5.0;
				TARGETED_DEVICE_FAMILY = "1,2";
			};
			name = Debug;
		};
		C9929C3425F7F79B0078E91A /* Release */ = {
			isa = XCBuildConfiguration;
			buildSettings = {
				ASSETCATALOG_COMPILER_APPICON_NAME = AppIcon;
				ASSETCATALOG_COMPILER_GLOBAL_ACCENT_COLOR_NAME = AccentColor;
				CODE_SIGN_STYLE = Automatic;
				DEVELOPMENT_ASSET_PATHS = "\"DriveBuddy/Preview Content\"";
				DEVELOPMENT_TEAM = 9485HHLYPW;
				ENABLE_PREVIEWS = YES;
				INFOPLIST_FILE = DriveBuddy/Info.plist;
				IPHONEOS_DEPLOYMENT_TARGET = 15.0;
				LD_RUNPATH_SEARCH_PATHS = (
					"$(inherited)",
					"@executable_path/Frameworks",
				);
				PRODUCT_BUNDLE_IDENTIFIER = com.palevichchenindustries.DriveBuddy;
				PRODUCT_NAME = "$(TARGET_NAME)";
				SWIFT_VERSION = 5.0;
				TARGETED_DEVICE_FAMILY = "1,2";
			};
			name = Release;
		};
/* End XCBuildConfiguration section */

/* Begin XCConfigurationList section */
		C9929C1925F7F79A0078E91A /* Build configuration list for PBXProject "DriveBuddy" */ = {
			isa = XCConfigurationList;
			buildConfigurations = (
				C9929C3025F7F79B0078E91A /* Debug */,
				C9929C3125F7F79B0078E91A /* Release */,
			);
			defaultConfigurationIsVisible = 0;
			defaultConfigurationName = Release;
		};
		C9929C3225F7F79B0078E91A /* Build configuration list for PBXNativeTarget "DriveBuddy" */ = {
			isa = XCConfigurationList;
			buildConfigurations = (
				C9929C3325F7F79B0078E91A /* Debug */,
				C9929C3425F7F79B0078E91A /* Release */,
			);
			defaultConfigurationIsVisible = 0;
			defaultConfigurationName = Release;
		};
/* End XCConfigurationList section */

/* Begin XCVersionGroup section */
		C9929C2C25F7F79B0078E91A /* DriveBuddy.xcdatamodeld */ = {
			isa = XCVersionGroup;
			children = (
				C9929C2D25F7F79B0078E91A /* DriveBuddy.xcdatamodel */,
			);
			currentVersion = C9929C2D25F7F79B0078E91A /* DriveBuddy.xcdatamodel */;
			path = DriveBuddy.xcdatamodeld;
			sourceTree = "<group>";
			versionGroupType = wrapper.xcdatamodel;
		};
/* End XCVersionGroup section */
	};
	rootObject = C9929C1625F7F79A0078E91A /* Project object */;
}
